
Microsoft Visual Studio Solution File, Format Version 12.00
# Visual Studio Version 16
VisualStudioVersion = 16.6.30114.105
MinimumVisualStudioVersion = 10.0.40219.1
Project("{9A19103F-16F7-4668-BE54-9A1E7A4F7556}") = "gmtk2021", "gmtk2021\gmtk2021.csproj", "{EBF314C2-7E05-42EB-8443-4E8D6A50B599}"
EndProject
Project("{2150E333-8FDC-42A3-9474-1A3956D46DE8}") = "machina", "machina", "{4FD988AD-B53E-440B-AE67-FD3A15294BE2}"
EndProject
Project("{9A19103F-16F7-4668-BE54-9A1E7A4F7556}") = "Machina", "machina\Machina\Machina.csproj", "{4E02083E-C876-4CB4-B08D-482AC2FBE375}"
EndProject
Project("{9A19103F-16F7-4668-BE54-9A1E7A4F7556}") = "TestMachina", "machina\TestMachina\TestMachina.csproj", "{6A03E3C4-CAF0-438B-93FD-933355F2BF14}"
EndProject
Project("{D954291E-2A0B-460D-934E-DC6B0785DB48}") = "MachinaAssets", "machina\MachinaAssets\MachinaAssets.shproj", "{A0CDBD0E-3A41-42B7-9425-A838BC2C7383}"
EndProject
Global
	GlobalSection(SharedMSBuildProjectFiles) = preSolution
		machina\MachinaAssets\MachinaAssets.projitems*{a0cdbd0e-3a41-42b7-9425-a838bc2c7383}*SharedItemsImports = 13
		machina\MachinaAssets\MachinaAssets.projitems*{ebf314c2-7e05-42eb-8443-4e8d6a50b599}*SharedItemsImports = 5
	EndGlobalSection
	GlobalSection(SolutionConfigurationPlatforms) = preSolution
		Debug|Any CPU = Debug|Any CPU
		Debug|x64 = Debug|x64
		Debug|x86 = Debug|x86
		Release|Any CPU = Release|Any CPU
		Release|x64 = Release|x64
		Release|x86 = Release|x86
	EndGlobalSection
	GlobalSection(ProjectConfigurationPlatforms) = postSolution
		{EBF314C2-7E05-42EB-8443-4E8D6A50B599}.Debug|Any CPU.ActiveCfg = Debug|Any CPU
		{EBF314C2-7E05-42EB-8443-4E8D6A50B599}.Debug|Any CPU.Build.0 = Debug|Any CPU
		{EBF314C2-7E05-42EB-8443-4E8D6A50B599}.Debug|x64.ActiveCfg = Debug|Any CPU
		{EBF314C2-7E05-42EB-8443-4E8D6A50B599}.Debug|x64.Build.0 = Debug|Any CPU
		{EBF314C2-7E05-42EB-8443-4E8D6A50B599}.Debug|x86.ActiveCfg = Debug|Any CPU
		{EBF314C2-7E05-42EB-8443-4E8D6A50B599}.Debug|x86.Build.0 = Debug|Any CPU
		{EBF314C2-7E05-42EB-8443-4E8D6A50B599}.Release|Any CPU.ActiveCfg = Release|Any CPU
		{EBF314C2-7E05-42EB-8443-4E8D6A50B599}.Release|Any CPU.Build.0 = Release|Any CPU
		{EBF314C2-7E05-42EB-8443-4E8D6A50B599}.Release|x64.ActiveCfg = Release|Any CPU
		{EBF314C2-7E05-42EB-8443-4E8D6A50B599}.Release|x64.Build.0 = Release|Any CPU
		{EBF314C2-7E05-42EB-8443-4E8D6A50B599}.Release|x86.ActiveCfg = Release|Any CPU
		{EBF314C2-7E05-42EB-8443-4E8D6A50B599}.Release|x86.Build.0 = Release|Any CPU
		{4E02083E-C876-4CB4-B08D-482AC2FBE375}.Debug|Any CPU.ActiveCfg = Debug|Any CPU
		{4E02083E-C876-4CB4-B08D-482AC2FBE375}.Debug|Any CPU.Build.0 = Debug|Any CPU
		{4E02083E-C876-4CB4-B08D-482AC2FBE375}.Debug|x64.ActiveCfg = Debug|Any CPU
		{4E02083E-C876-4CB4-B08D-482AC2FBE375}.Debug|x64.Build.0 = Debug|Any CPU
		{4E02083E-C876-4CB4-B08D-482AC2FBE375}.Debug|x86.ActiveCfg = Debug|Any CPU
		{4E02083E-C876-4CB4-B08D-482AC2FBE375}.Debug|x86.Build.0 = Debug|Any CPU
		{4E02083E-C876-4CB4-B08D-482AC2FBE375}.Release|Any CPU.ActiveCfg = Release|Any CPU
		{4E02083E-C876-4CB4-B08D-482AC2FBE375}.Release|Any CPU.Build.0 = Release|Any CPU
		{4E02083E-C876-4CB4-B08D-482AC2FBE375}.Release|x64.ActiveCfg = Release|Any CPU
		{4E02083E-C876-4CB4-B08D-482AC2FBE375}.Release|x64.Build.0 = Release|Any CPU
		{4E02083E-C876-4CB4-B08D-482AC2FBE375}.Release|x86.ActiveCfg = Release|Any CPU
		{4E02083E-C876-4CB4-B08D-482AC2FBE375}.Release|x86.Build.0 = Release|Any CPU
		{6A03E3C4-CAF0-438B-93FD-933355F2BF14}.Debug|Any CPU.ActiveCfg = Debug|Any CPU
		{6A03E3C4-CAF0-438B-93FD-933355F2BF14}.Debug|Any CPU.Build.0 = Debug|Any CPU
		{6A03E3C4-CAF0-438B-93FD-933355F2BF14}.Debug|x64.ActiveCfg = Debug|Any CPU
		{6A03E3C4-CAF0-438B-93FD-933355F2BF14}.Debug|x64.Build.0 = Debug|Any CPU
		{6A03E3C4-CAF0-438B-93FD-933355F2BF14}.Debug|x86.ActiveCfg = Debug|Any CPU
		{6A03E3C4-CAF0-438B-93FD-933355F2BF14}.Debug|x86.Build.0 = Debug|Any CPU
		{6A03E3C4-CAF0-438B-93FD-933355F2BF14}.Release|Any CPU.ActiveCfg = Release|Any CPU
		{6A03E3C4-CAF0-438B-93FD-933355F2BF14}.Release|Any CPU.Build.0 = Release|Any CPU
		{6A03E3C4-CAF0-438B-93FD-933355F2BF14}.Release|x64.ActiveCfg = Release|Any CPU
		{6A03E3C4-CAF0-438B-93FD-933355F2BF14}.Release|x64.Build.0 = Release|Any CPU
		{6A03E3C4-CAF0-438B-93FD-933355F2BF14}.Release|x86.ActiveCfg = Release|Any CPU
		{6A03E3C4-CAF0-438B-93FD-933355F2BF14}.Release|x86.Build.0 = Release|Any CPU
	EndGlobalSection
	GlobalSection(SolutionProperties) = preSolution
		HideSolutionNode = FALSE
	EndGlobalSection
	GlobalSection(NestedProjects) = preSolution
		{4E02083E-C876-4CB4-B08D-482AC2FBE375} = {4FD988AD-B53E-440B-AE67-FD3A15294BE2}
		{6A03E3C4-CAF0-438B-93FD-933355F2BF14} = {4FD988AD-B53E-440B-AE67-FD3A15294BE2}
		{A0CDBD0E-3A41-42B7-9425-A838BC2C7383} = {4FD988AD-B53E-440B-AE67-FD3A15294BE2}
	EndGlobalSection
	GlobalSection(ExtensibilityGlobals) = postSolution
		SolutionGuid = {A9D9A430-CF53-4391-810A-5D71FD23DADE}
	EndGlobalSection
EndGlobal
